
Microsoft Visual Studio Solution File, Format Version 12.00
# Visual Studio Version 17
VisualStudioVersion = 17.3.32929.385
MinimumVisualStudioVersion = 10.0.40219.1
Project("{FAE04EC0-301F-11D3-BF4B-00C04F79EFBC}") = "Snake", "Snake\Snake.csproj", "{B31357E4-27D9-42F8-BC8E-19AA21A37517}"
EndProject
Global
	GlobalSection(SolutionConfigurationPlatforms) = preSolution
		Debug|Any CPU = Debug|Any CPU
		Release|Any CPU = Release|Any CPU
	EndGlobalSection
	GlobalSection(ProjectConfigurationPlatforms) = postSolution
		{B31357E4-27D9-42F8-BC8E-19AA21A37517}.Debug|Any CPU.ActiveCfg = Debug|Any CPU
		{B31357E4-27D9-42F8-BC8E-19AA21A37517}.Debug|Any CPU.Build.0 = Debug|Any CPU
		{B31357E4-27D9-42F8-BC8E-19AA21A37517}.Release|Any CPU.ActiveCfg = Release|Any CPU
		{B31357E4-27D9-42F8-BC8E-19AA21A37517}.Release|Any CPU.Build.0 = Release|Any CPU
	EndGlobalSection
	GlobalSection(SolutionProperties) = preSolution
		HideSolutionNode = FALSE
	EndGlobalSection
	GlobalSection(ExtensibilityGlobals) = postSolution
		SolutionGuid = {32ECBDC5-68F0-4F31-8527-CA6791109C2E}
	EndGlobalSection
EndGlobal
